
Microsoft Visual Studio Solution File, Format Version 12.00
# Visual Studio Version 16
VisualStudioVersion = 16.0.31410.357
MinimumVisualStudioVersion = 10.0.40219.1
Project("{9A19103F-16F7-4668-BE54-9A1E7A4F7556}") = "Delegates", "Delegates\Delegates.csproj", "{517373FE-8916-47D6-9F64-960FA8A33FB3}"
EndProject
Global
	GlobalSection(SolutionConfigurationPlatforms) = preSolution
		Debug|Any CPU = Debug|Any CPU
		Release|Any CPU = Release|Any CPU
	EndGlobalSection
	GlobalSection(ProjectConfigurationPlatforms) = postSolution
		{517373FE-8916-47D6-9F64-960FA8A33FB3}.Debug|Any CPU.ActiveCfg = Debug|Any CPU
		{517373FE-8916-47D6-9F64-960FA8A33FB3}.Debug|Any CPU.Build.0 = Debug|Any CPU
		{517373FE-8916-47D6-9F64-960FA8A33FB3}.Release|Any CPU.ActiveCfg = Release|Any CPU
		{517373FE-8916-47D6-9F64-960FA8A33FB3}.Release|Any CPU.Build.0 = Release|Any CPU
	EndGlobalSection
	GlobalSection(SolutionProperties) = preSolution
		HideSolutionNode = FALSE
	EndGlobalSection
	GlobalSection(ExtensibilityGlobals) = postSolution
		SolutionGuid = {4AE941E4-26F1-475C-BC89-A33F3E6C0A0E}
	EndGlobalSection
EndGlobal
